// !$*UTF8*$!
{
	archiveVersion = 1;
	classes = {
	};
	objectVersion = 56;
	objects = {

/* Begin PBXBuildFile section */
		F658BD0A291F40A300837D1F /* main.m in Sources */ = {isa = PBXBuildFile; fileRef = F658BD09291F40A300837D1F /* main.m */; };
		F658BD402929C4DF00837D1F /* UserDatabase.m in Sources */ = {isa = PBXBuildFile; fileRef = F658BD3F2929C4DF00837D1F /* UserDatabase.m */; };
		F658BD432929C50200837D1F /* NSFileManager+Folder.m in Sources */ = {isa = PBXBuildFile; fileRef = F658BD412929C50200837D1F /* NSFileManager+Folder.m */; };
		F658BD462929C51100837D1F /* CoctailsDatabase.m in Sources */ = {isa = PBXBuildFile; fileRef = F658BD442929C51100837D1F /* CoctailsDatabase.m */; };
/* End PBXBuildFile section */

/* Begin PBXCopyFilesBuildPhase section */
		F658BD04291F40A300837D1F /* CopyFiles */ = {
			isa = PBXCopyFilesBuildPhase;
			buildActionMask = 2147483647;
			dstPath = /usr/share/man/man1/;
			dstSubfolderSpec = 0;
			files = (
			);
			runOnlyForDeploymentPostprocessing = 1;
		};
/* End PBXCopyFilesBuildPhase section */

/* Begin PBXFileReference section */
		F658BD06291F40A300837D1F /* shakerdb */ = {isa = PBXFileReference; explicitFileType = "compiled.mach-o.executable"; includeInIndex = 0; path = shakerdb; sourceTree = BUILT_PRODUCTS_DIR; };
		F658BD09291F40A300837D1F /* main.m */ = {isa = PBXFileReference; lastKnownFileType = sourcecode.c.objc; path = main.m; sourceTree = "<group>"; };
		F658BD3E2929C4DF00837D1F /* UserDatabase.h */ = {isa = PBXFileReference; fileEncoding = 4; lastKnownFileType = sourcecode.c.h; name = UserDatabase.h; path = ../../../original/shaker/shaker/UserDatabase.h; sourceTree = "<group>"; };
		F658BD3F2929C4DF00837D1F /* UserDatabase.m */ = {isa = PBXFileReference; fileEncoding = 4; lastKnownFileType = sourcecode.c.objc; name = UserDatabase.m; path = ../../../original/shaker/shaker/UserDatabase.m; sourceTree = "<group>"; };
		F658BD412929C50200837D1F /* NSFileManager+Folder.m */ = {isa = PBXFileReference; fileEncoding = 4; lastKnownFileType = sourcecode.c.objc; name = "NSFileManager+Folder.m"; path = "../../../original/shaker/shaker/utils/NSFileManager+Folder.m"; sourceTree = "<group>"; };
		F658BD422929C50200837D1F /* NSFileManager+Folder.h */ = {isa = PBXFileReference; fileEncoding = 4; lastKnownFileType = sourcecode.c.h; name = "NSFileManager+Folder.h"; path = "../../../original/shaker/shaker/utils/NSFileManager+Folder.h"; sourceTree = "<group>"; };
		F658BD442929C51100837D1F /* CoctailsDatabase.m */ = {isa = PBXFileReference; fileEncoding = 4; lastKnownFileType = sourcecode.c.objc; name = CoctailsDatabase.m; path = ../../../original/shaker/shaker/CoctailsDatabase.m; sourceTree = "<group>"; };
		F658BD452929C51100837D1F /* CoctailsDatabase.h */ = {isa = PBXFileReference; fileEncoding = 4; lastKnownFileType = sourcecode.c.h; name = CoctailsDatabase.h; path = ../../../original/shaker/shaker/CoctailsDatabase.h; sourceTree = "<group>"; };
/* End PBXFileReference section */

/* Begin PBXFrameworksBuildPhase section */
		F658BD03291F40A300837D1F /* Frameworks */ = {
			isa = PBXFrameworksBuildPhase;
			buildActionMask = 2147483647;
			files = (
			);
			runOnlyForDeploymentPostprocessing = 0;
		};
/* End PBXFrameworksBuildPhase section */

/* Begin PBXGroup section */
		F658BCFD291F40A300837D1F = {
			isa = PBXGroup;
			children = (
				F658BD08291F40A300837D1F /* shakerdb */,
				F658BD07291F40A300837D1F /* Products */,
			);
			sourceTree = "<group>";
		};
		F658BD07291F40A300837D1F /* Products */ = {
			isa = PBXGroup;
			children = (
				F658BD06291F40A300837D1F /* shakerdb */,
			);
			name = Products;
			sourceTree = "<group>";
		};
		F658BD08291F40A300837D1F /* shakerdb */ = {
			isa = PBXGroup;
			children = (
				F658BD452929C51100837D1F /* CoctailsDatabase.h */,
				F658BD442929C51100837D1F /* CoctailsDatabase.m */,
				F658BD422929C50200837D1F /* NSFileManager+Folder.h */,
				F658BD412929C50200837D1F /* NSFileManager+Folder.m */,
				F658BD3E2929C4DF00837D1F /* UserDatabase.h */,
				F658BD3F2929C4DF00837D1F /* UserDatabase.m */,
				F658BD09291F40A300837D1F /* main.m */,
			);
			path = shakerdb;
			sourceTree = "<group>";
		};
/* End PBXGroup section */

/* Begin PBXNativeTarget section */
		F658BD05291F40A300837D1F /* shakerdb */ = {
			isa = PBXNativeTarget;
			buildConfigurationList = F658BD0D291F40A300837D1F /* Build configuration list for PBXNativeTarget "shakerdb" */;
			buildPhases = (
				F658BD02291F40A300837D1F /* Sources */,
				F658BD03291F40A300837D1F /* Frameworks */,
				F658BD04291F40A300837D1F /* CopyFiles */,
			);
			buildRules = (
			);
			dependencies = (
			);
			name = shakerdb;
			productName = shakerdb;
			productReference = F658BD06291F40A300837D1F /* shakerdb */;
			productType = "com.apple.product-type.tool";
		};
/* End PBXNativeTarget section */

/* Begin PBXProject section */
		F658BCFE291F40A300837D1F /* Project object */ = {
			isa = PBXProject;
			attributes = {
				BuildIndependentTargetsInParallel = 1;
				LastUpgradeCheck = 1410;
				TargetAttributes = {
					F658BD05291F40A300837D1F = {
						CreatedOnToolsVersion = 14.1;
					};
				};
			};
			buildConfigurationList = F658BD01291F40A300837D1F /* Build configuration list for PBXProject "shakerdb" */;
			compatibilityVersion = "Xcode 14.0";
			developmentRegion = en;
			hasScannedForEncodings = 0;
			knownRegions = (
				en,
				Base,
			);
			mainGroup = F658BCFD291F40A300837D1F;
			productRefGroup = F658BD07291F40A300837D1F /* Products */;
			projectDirPath = "";
			projectRoot = "";
			targets = (
				F658BD05291F40A300837D1F /* shakerdb */,
			);
		};
/* End PBXProject section */

/* Begin PBXSourcesBuildPhase section */
		F658BD02291F40A300837D1F /* Sources */ = {
			isa = PBXSourcesBuildPhase;
			buildActionMask = 2147483647;
			files = (
				F658BD462929C51100837D1F /* CoctailsDatabase.m in Sources */,
				F658BD0A291F40A300837D1F /* main.m in Sources */,
				F658BD432929C50200837D1F /* NSFileManager+Folder.m in Sources */,
				F658BD402929C4DF00837D1F /* UserDatabase.m in Sources */,
			);
			runOnlyForDeploymentPostprocessing = 0;
		};
/* End PBXSourcesBuildPhase section */

/* Begin XCBuildConfiguration section */
		F658BD0B291F40A300837D1F /* Debug */ = {
			isa = XCBuildConfiguration;
			buildSettings = {
				ALWAYS_SEARCH_USER_PATHS = NO;
				CLANG_ANALYZER_NONNULL = YES;
				CLANG_ANALYZER_NUMBER_OBJECT_CONVERSION = YES_AGGRESSIVE;
				CLANG_CXX_LANGUAGE_STANDARD = "gnu++20";
				CLANG_ENABLE_MODULES = YES;
				CLANG_ENABLE_OBJC_ARC = YES;
				CLANG_ENABLE_OBJC_WEAK = YES;
				CLANG_WARN_BLOCK_CAPTURE_AUTORELEASING = YES;
				CLANG_WARN_BOOL_CONVERSION = YES;
				CLANG_WARN_COMMA = YES;
				CLANG_WARN_CONSTANT_CONVERSION = YES;
				CLANG_WARN_DEPRECATED_OBJC_IMPLEMENTATIONS = YES;
				CLANG_WARN_DIRECT_OBJC_ISA_USAGE = YES_ERROR;
				CLANG_WARN_DOCUMENTATION_COMMENTS = YES;
				CLANG_WARN_EMPTY_BODY = YES;
				CLANG_WARN_ENUM_CONVERSION = YES;
				CLANG_WARN_INFINITE_RECURSION = YES;
				CLANG_WARN_INT_CONVERSION = YES;
				CLANG_WARN_NON_LITERAL_NULL_CONVERSION = YES;
				CLANG_WARN_OBJC_IMPLICIT_RETAIN_SELF = YES;
				CLANG_WARN_OBJC_LITERAL_CONVERSION = YES;
				CLANG_WARN_OBJC_ROOT_CLASS = YES_ERROR;
				CLANG_WARN_QUOTED_INCLUDE_IN_FRAMEWORK_HEADER = YES;
				CLANG_WARN_RANGE_LOOP_ANALYSIS = YES;
				CLANG_WARN_STRICT_PROTOTYPES = YES;
				CLANG_WARN_SUSPICIOUS_MOVE = YES;
				CLANG_WARN_UNGUARDED_AVAILABILITY = YES_AGGRESSIVE;
				CLANG_WARN_UNREACHABLE_CODE = YES;
				CLANG_WARN__DUPLICATE_METHOD_MATCH = YES;
				COPY_PHASE_STRIP = NO;
				DEBUG_INFORMATION_FORMAT = dwarf;
				ENABLE_STRICT_OBJC_MSGSEND = YES;
				ENABLE_TESTABILITY = YES;
				GCC_C_LANGUAGE_STANDARD = gnu11;
				GCC_DYNAMIC_NO_PIC = NO;
				GCC_NO_COMMON_BLOCKS = YES;
				GCC_OPTIMIZATION_LEVEL = 0;
				GCC_PREPROCESSOR_DEFINITIONS = (
					"DEBUG=1",
					"$(inherited)",
				);
				GCC_WARN_64_TO_32_BIT_CONVERSION = YES;
				GCC_WARN_ABOUT_RETURN_TYPE = YES_ERROR;
				GCC_WARN_UNDECLARED_SELECTOR = YES;
				GCC_WARN_UNINITIALIZED_AUTOS = YES_AGGRESSIVE;
				GCC_WARN_UNUSED_FUNCTION = YES;
				GCC_WARN_UNUSED_VARIABLE = YES;
				MACOSX_DEPLOYMENT_TARGET = 12.6;
				MTL_ENABLE_DEBUG_INFO = INCLUDE_SOURCE;
				MTL_FAST_MATH = YES;
				ONLY_ACTIVE_ARCH = YES;
				SDKROOT = macosx;
			};
			name = Debug;
		};
		F658BD0C291F40A300837D1F /* Release */ = {
			isa = XCBuildConfiguration;
			buildSettings = {
				ALWAYS_SEARCH_USER_PATHS = NO;
				CLANG_ANALYZER_NONNULL = YES;
				CLANG_ANALYZER_NUMBER_OBJECT_CONVERSION = YES_AGGRESSIVE;
				CLANG_CXX_LANGUAGE_STANDARD = "gnu++20";
				CLANG_ENABLE_MODULES = YES;
				CLANG_ENABLE_OBJC_ARC = YES;
				CLANG_ENABLE_OBJC_WEAK = YES;
				CLANG_WARN_BLOCK_CAPTURE_AUTORELEASING = YES;
				CLANG_WARN_BOOL_CONVERSION = YES;
				CLANG_WARN_COMMA = YES;
				CLANG_WARN_CONSTANT_CONVERSION = YES;
				CLANG_WARN_DEPRECATED_OBJC_IMPLEMENTATIONS = YES;
				CLANG_WARN_DIRECT_OBJC_ISA_USAGE = YES_ERROR;
				CLANG_WARN_DOCUMENTATION_COMMENTS = YES;
				CLANG_WARN_EMPTY_BODY = YES;
				CLANG_WARN_ENUM_CONVERSION = YES;
				CLANG_WARN_INFINITE_RECURSION = YES;
				CLANG_WARN_INT_CONVERSION = YES;
				CLANG_WARN_NON_LITERAL_NULL_CONVERSION = YES;
				CLANG_WARN_OBJC_IMPLICIT_RETAIN_SELF = YES;
				CLANG_WARN_OBJC_LITERAL_CONVERSION = YES;
				CLANG_WARN_OBJC_ROOT_CLASS = YES_ERROR;
				CLANG_WARN_QUOTED_INCLUDE_IN_FRAMEWORK_HEADER = YES;
				CLANG_WARN_RANGE_LOOP_ANALYSIS = YES;
				CLANG_WARN_STRICT_PROTOTYPES = YES;
				CLANG_WARN_SUSPICIOUS_MOVE = YES;
				CLANG_WARN_UNGUARDED_AVAILABILITY = YES_AGGRESSIVE;
				CLANG_WARN_UNREACHABLE_CODE = YES;
				CLANG_WARN__DUPLICATE_METHOD_MATCH = YES;
				COPY_PHASE_STRIP = NO;
				DEBUG_INFORMATION_FORMAT = "dwarf-with-dsym";
				ENABLE_NS_ASSERTIONS = NO;
				ENABLE_STRICT_OBJC_MSGSEND = YES;
				GCC_C_LANGUAGE_STANDARD = gnu11;
				GCC_NO_COMMON_BLOCKS = YES;
				GCC_WARN_64_TO_32_BIT_CONVERSION = YES;
				GCC_WARN_ABOUT_RETURN_TYPE = YES_ERROR;
				GCC_WARN_UNDECLARED_SELECTOR = YES;
				GCC_WARN_UNINITIALIZED_AUTOS = YES_AGGRESSIVE;
				GCC_WARN_UNUSED_FUNCTION = YES;
				GCC_WARN_UNUSED_VARIABLE = YES;
				MACOSX_DEPLOYMENT_TARGET = 12.6;
				MTL_ENABLE_DEBUG_INFO = NO;
				MTL_FAST_MATH = YES;
				SDKROOT = macosx;
			};
			name = Release;
		};
		F658BD0E291F40A300837D1F /* Debug */ = {
			isa = XCBuildConfiguration;
			buildSettings = {
				CODE_SIGN_STYLE = Automatic;
				DEVELOPMENT_TEAM = U97D34BCNV;
				ENABLE_HARDENED_RUNTIME = YES;
				GCC_PREPROCESSOR_DEFINITIONS = (
					"DEBUG=1",
					"$(inherited)",
					IMPORT_FROM_CSV,
				);
				PRODUCT_NAME = "$(TARGET_NAME)";
			};
			name = Debug;
		};
		F658BD0F291F40A300837D1F /* Release */ = {
			isa = XCBuildConfiguration;
			buildSettings = {
				CODE_SIGN_STYLE = Automatic;
				DEVELOPMENT_TEAM = U97D34BCNV;
				ENABLE_HARDENED_RUNTIME = YES;
				GCC_PREPROCESSOR_DEFINITIONS = IMPORT_FROM_CSV;
				PRODUCT_NAME = "$(TARGET_NAME)";
			};
			name = Release;
		};
/* End XCBuildConfiguration section */

/* Begin XCConfigurationList section */
		F658BD01291F40A300837D1F /* Build configuration list for PBXProject "shakerdb" */ = {
			isa = XCConfigurationList;
			buildConfigurations = (
				F658BD0B291F40A300837D1F /* Debug */,
				F658BD0C291F40A300837D1F /* Release */,
			);
			defaultConfigurationIsVisible = 0;
			defaultConfigurationName = Release;
		};
		F658BD0D291F40A300837D1F /* Build configuration list for PBXNativeTarget "shakerdb" */ = {
			isa = XCConfigurationList;
			buildConfigurations = (
				F658BD0E291F40A300837D1F /* Debug */,
				F658BD0F291F40A300837D1F /* Release */,
			);
			defaultConfigurationIsVisible = 0;
			defaultConfigurationName = Release;
		};
/* End XCConfigurationList section */
	};
	rootObject = F658BCFE291F40A300837D1F /* Project object */;
}
